// !$*UTF8*$!
{
	archiveVersion = 1;
	classes = {
	};
	objectVersion = 56;
	objects = {

/* Begin PBXBuildFile section */
		140AD48E29C0BA9E004D24AF /* MVVMMoviesApp.swift in Sources */ = {isa = PBXBuildFile; fileRef = 140AD48D29C0BA9E004D24AF /* MVVMMoviesApp.swift */; };
		140AD49029C0BA9E004D24AF /* ContentView.swift in Sources */ = {isa = PBXBuildFile; fileRef = 140AD48F29C0BA9E004D24AF /* ContentView.swift */; };
		140AD49229C0BA9F004D24AF /* Assets.xcassets in Resources */ = {isa = PBXBuildFile; fileRef = 140AD49129C0BA9F004D24AF /* Assets.xcassets */; };
		140AD49529C0BA9F004D24AF /* Preview Assets.xcassets in Resources */ = {isa = PBXBuildFile; fileRef = 140AD49429C0BA9F004D24AF /* Preview Assets.xcassets */; };
		140AD49C29C0BAB2004D24AF /* MovieCard.swift in Sources */ = {isa = PBXBuildFile; fileRef = 140AD49B29C0BAB2004D24AF /* MovieCard.swift */; };
		140AD49F29C0BB66004D24AF /* Movie.swift in Sources */ = {isa = PBXBuildFile; fileRef = 140AD49E29C0BB66004D24AF /* Movie.swift */; };
		140AD4A329C0C095004D24AF /* MovieViewModel.swift in Sources */ = {isa = PBXBuildFile; fileRef = 140AD4A229C0C095004D24AF /* MovieViewModel.swift */; };
		140AD4A529C0C120004D24AF /* MovieListView.swift in Sources */ = {isa = PBXBuildFile; fileRef = 140AD4A429C0C120004D24AF /* MovieListView.swift */; };
		47D521F329CC3D8F00F38524 /* README.md in Resources */ = {isa = PBXBuildFile; fileRef = 47D521F229CC3D8E00F38524 /* README.md */; };
/* End PBXBuildFile section */

/* Begin PBXFileReference section */
		140AD48A29C0BA9E004D24AF /* MVVMMovies.app */ = {isa = PBXFileReference; explicitFileType = wrapper.application; includeInIndex = 0; path = MVVMMovies.app; sourceTree = BUILT_PRODUCTS_DIR; };
		140AD48D29C0BA9E004D24AF /* MVVMMoviesApp.swift */ = {isa = PBXFileReference; lastKnownFileType = sourcecode.swift; path = MVVMMoviesApp.swift; sourceTree = "<group>"; };
		140AD48F29C0BA9E004D24AF /* ContentView.swift */ = {isa = PBXFileReference; lastKnownFileType = sourcecode.swift; path = ContentView.swift; sourceTree = "<group>"; };
		140AD49129C0BA9F004D24AF /* Assets.xcassets */ = {isa = PBXFileReference; lastKnownFileType = folder.assetcatalog; path = Assets.xcassets; sourceTree = "<group>"; };
		140AD49429C0BA9F004D24AF /* Preview Assets.xcassets */ = {isa = PBXFileReference; lastKnownFileType = folder.assetcatalog; path = "Preview Assets.xcassets"; sourceTree = "<group>"; };
		140AD49B29C0BAB2004D24AF /* MovieCard.swift */ = {isa = PBXFileReference; lastKnownFileType = sourcecode.swift; path = MovieCard.swift; sourceTree = "<group>"; };
		140AD49E29C0BB66004D24AF /* Movie.swift */ = {isa = PBXFileReference; lastKnownFileType = sourcecode.swift; path = Movie.swift; sourceTree = "<group>"; };
		140AD4A229C0C095004D24AF /* MovieViewModel.swift */ = {isa = PBXFileReference; lastKnownFileType = sourcecode.swift; path = MovieViewModel.swift; sourceTree = "<group>"; };
		140AD4A429C0C120004D24AF /* MovieListView.swift */ = {isa = PBXFileReference; lastKnownFileType = sourcecode.swift; path = MovieListView.swift; sourceTree = "<group>"; };
		47D521F229CC3D8E00F38524 /* README.md */ = {isa = PBXFileReference; fileEncoding = 4; lastKnownFileType = net.daringfireball.markdown; path = README.md; sourceTree = "<group>"; };
/* End PBXFileReference section */

/* Begin PBXFrameworksBuildPhase section */
		140AD48729C0BA9E004D24AF /* Frameworks */ = {
			isa = PBXFrameworksBuildPhase;
			buildActionMask = 2147483647;
			files = (
			);
			runOnlyForDeploymentPostprocessing = 0;
		};
/* End PBXFrameworksBuildPhase section */

/* Begin PBXGroup section */
		140AD48129C0BA9E004D24AF = {
			isa = PBXGroup;
			children = (
				47D521F229CC3D8E00F38524 /* README.md */,
				140AD48C29C0BA9E004D24AF /* MVVMMovies */,
				140AD48B29C0BA9E004D24AF /* Products */,
			);
			sourceTree = "<group>";
		};
		140AD48B29C0BA9E004D24AF /* Products */ = {
			isa = PBXGroup;
			children = (
				140AD48A29C0BA9E004D24AF /* MVVMMovies.app */,
			);
			name = Products;
			sourceTree = "<group>";
		};
		140AD48C29C0BA9E004D24AF /* MVVMMovies */ = {
			isa = PBXGroup;
			children = (
				140AD4A129C0C05B004D24AF /* View */,
				140AD4A029C0C053004D24AF /* ViewModel */,
				140AD49D29C0BB5A004D24AF /* Model */,
				140AD48D29C0BA9E004D24AF /* MVVMMoviesApp.swift */,
				140AD48F29C0BA9E004D24AF /* ContentView.swift */,
				140AD49129C0BA9F004D24AF /* Assets.xcassets */,
				140AD49329C0BA9F004D24AF /* Preview Content */,
			);
			path = MVVMMovies;
			sourceTree = "<group>";
		};
		140AD49329C0BA9F004D24AF /* Preview Content */ = {
			isa = PBXGroup;
			children = (
				140AD49429C0BA9F004D24AF /* Preview Assets.xcassets */,
			);
			path = "Preview Content";
			sourceTree = "<group>";
		};
		140AD49D29C0BB5A004D24AF /* Model */ = {
			isa = PBXGroup;
			children = (
				140AD49E29C0BB66004D24AF /* Movie.swift */,
			);
			path = Model;
			sourceTree = "<group>";
		};
		140AD4A029C0C053004D24AF /* ViewModel */ = {
			isa = PBXGroup;
			children = (
				140AD4A229C0C095004D24AF /* MovieViewModel.swift */,
			);
			path = ViewModel;
			sourceTree = "<group>";
		};
		140AD4A129C0C05B004D24AF /* View */ = {
			isa = PBXGroup;
			children = (
				140AD49B29C0BAB2004D24AF /* MovieCard.swift */,
				140AD4A429C0C120004D24AF /* MovieListView.swift */,
			);
			path = View;
			sourceTree = "<group>";
		};
/* End PBXGroup section */

/* Begin PBXNativeTarget section */
		140AD48929C0BA9E004D24AF /* MVVMMovies */ = {
			isa = PBXNativeTarget;
			buildConfigurationList = 140AD49829C0BA9F004D24AF /* Build configuration list for PBXNativeTarget "MVVMMovies" */;
			buildPhases = (
				140AD48629C0BA9E004D24AF /* Sources */,
				140AD48729C0BA9E004D24AF /* Frameworks */,
				140AD48829C0BA9E004D24AF /* Resources */,
			);
			buildRules = (
			);
			dependencies = (
			);
			name = MVVMMovies;
			productName = MVVMMovies;
			productReference = 140AD48A29C0BA9E004D24AF /* MVVMMovies.app */;
			productType = "com.apple.product-type.application";
		};
/* End PBXNativeTarget section */

/* Begin PBXProject section */
		140AD48229C0BA9E004D24AF /* Project object */ = {
			isa = PBXProject;
			attributes = {
				BuildIndependentTargetsInParallel = 1;
				LastSwiftUpdateCheck = 1420;
				LastUpgradeCheck = 1420;
				TargetAttributes = {
					140AD48929C0BA9E004D24AF = {
						CreatedOnToolsVersion = 14.2;
					};
				};
			};
			buildConfigurationList = 140AD48529C0BA9E004D24AF /* Build configuration list for PBXProject "MVVMMovies" */;
			compatibilityVersion = "Xcode 14.0";
			developmentRegion = en;
			hasScannedForEncodings = 0;
			knownRegions = (
				en,
				Base,
			);
			mainGroup = 140AD48129C0BA9E004D24AF;
			productRefGroup = 140AD48B29C0BA9E004D24AF /* Products */;
			projectDirPath = "";
			projectRoot = "";
			targets = (
				140AD48929C0BA9E004D24AF /* MVVMMovies */,
			);
		};
/* End PBXProject section */

/* Begin PBXResourcesBuildPhase section */
		140AD48829C0BA9E004D24AF /* Resources */ = {
			isa = PBXResourcesBuildPhase;
			buildActionMask = 2147483647;
			files = (
				47D521F329CC3D8F00F38524 /* README.md in Resources */,
				140AD49529C0BA9F004D24AF /* Preview Assets.xcassets in Resources */,
				140AD49229C0BA9F004D24AF /* Assets.xcassets in Resources */,
			);
			runOnlyForDeploymentPostprocessing = 0;
		};
/* End PBXResourcesBuildPhase section */

/* Begin PBXSourcesBuildPhase section */
		140AD48629C0BA9E004D24AF /* Sources */ = {
			isa = PBXSourcesBuildPhase;
			buildActionMask = 2147483647;
			files = (
				140AD49029C0BA9E004D24AF /* ContentView.swift in Sources */,
				140AD4A329C0C095004D24AF /* MovieViewModel.swift in Sources */,
				140AD49F29C0BB66004D24AF /* Movie.swift in Sources */,
				140AD48E29C0BA9E004D24AF /* MVVMMoviesApp.swift in Sources */,
				140AD49C29C0BAB2004D24AF /* MovieCard.swift in Sources */,
				140AD4A529C0C120004D24AF /* MovieListView.swift in Sources */,
			);
			runOnlyForDeploymentPostprocessing = 0;
		};
/* End PBXSourcesBuildPhase section */

/* Begin XCBuildConfiguration section */
		140AD49629C0BA9F004D24AF /* Debug */ = {
			isa = XCBuildConfiguration;
			buildSettings = {
				ALWAYS_SEARCH_USER_PATHS = NO;
				CLANG_ANALYZER_NONNULL = YES;
				CLANG_ANALYZER_NUMBER_OBJECT_CONVERSION = YES_AGGRESSIVE;
				CLANG_CXX_LANGUAGE_STANDARD = "gnu++20";
				CLANG_ENABLE_MODULES = YES;
				CLANG_ENABLE_OBJC_ARC = YES;
				CLANG_ENABLE_OBJC_WEAK = YES;
				CLANG_WARN_BLOCK_CAPTURE_AUTORELEASING = YES;
				CLANG_WARN_BOOL_CONVERSION = YES;
				CLANG_WARN_COMMA = YES;
				CLANG_WARN_CONSTANT_CONVERSION = YES;
				CLANG_WARN_DEPRECATED_OBJC_IMPLEMENTATIONS = YES;
				CLANG_WARN_DIRECT_OBJC_ISA_USAGE = YES_ERROR;
				CLANG_WARN_DOCUMENTATION_COMMENTS = YES;
				CLANG_WARN_EMPTY_BODY = YES;
				CLANG_WARN_ENUM_CONVERSION = YES;
				CLANG_WARN_INFINITE_RECURSION = YES;
				CLANG_WARN_INT_CONVERSION = YES;
				CLANG_WARN_NON_LITERAL_NULL_CONVERSION = YES;
				CLANG_WARN_OBJC_IMPLICIT_RETAIN_SELF = YES;
				CLANG_WARN_OBJC_LITERAL_CONVERSION = YES;
				CLANG_WARN_OBJC_ROOT_CLASS = YES_ERROR;
				CLANG_WARN_QUOTED_INCLUDE_IN_FRAMEWORK_HEADER = YES;
				CLANG_WARN_RANGE_LOOP_ANALYSIS = YES;
				CLANG_WARN_STRICT_PROTOTYPES = YES;
				CLANG_WARN_SUSPICIOUS_MOVE = YES;
				CLANG_WARN_UNGUARDED_AVAILABILITY = YES_AGGRESSIVE;
				CLANG_WARN_UNREACHABLE_CODE = YES;
				CLANG_WARN__DUPLICATE_METHOD_MATCH = YES;
				COPY_PHASE_STRIP = NO;
				DEBUG_INFORMATION_FORMAT = dwarf;
				ENABLE_STRICT_OBJC_MSGSEND = YES;
				ENABLE_TESTABILITY = YES;
				GCC_C_LANGUAGE_STANDARD = gnu11;
				GCC_DYNAMIC_NO_PIC = NO;
				GCC_NO_COMMON_BLOCKS = YES;
				GCC_OPTIMIZATION_LEVEL = 0;
				GCC_PREPROCESSOR_DEFINITIONS = (
					"DEBUG=1",
					"$(inherited)",
				);
				GCC_WARN_64_TO_32_BIT_CONVERSION = YES;
				GCC_WARN_ABOUT_RETURN_TYPE = YES_ERROR;
				GCC_WARN_UNDECLARED_SELECTOR = YES;
				GCC_WARN_UNINITIALIZED_AUTOS = YES_AGGRESSIVE;
				GCC_WARN_UNUSED_FUNCTION = YES;
				GCC_WARN_UNUSED_VARIABLE = YES;
				IPHONEOS_DEPLOYMENT_TARGET = 16.2;
				MTL_ENABLE_DEBUG_INFO = INCLUDE_SOURCE;
				MTL_FAST_MATH = YES;
				ONLY_ACTIVE_ARCH = YES;
				SDKROOT = iphoneos;
				SWIFT_ACTIVE_COMPILATION_CONDITIONS = DEBUG;
				SWIFT_OPTIMIZATION_LEVEL = "-Onone";
			};
			name = Debug;
		};
		140AD49729C0BA9F004D24AF /* Release */ = {
			isa = XCBuildConfiguration;
			buildSettings = {
				ALWAYS_SEARCH_USER_PATHS = NO;
				CLANG_ANALYZER_NONNULL = YES;
				CLANG_ANALYZER_NUMBER_OBJECT_CONVERSION = YES_AGGRESSIVE;
				CLANG_CXX_LANGUAGE_STANDARD = "gnu++20";
				CLANG_ENABLE_MODULES = YES;
				CLANG_ENABLE_OBJC_ARC = YES;
				CLANG_ENABLE_OBJC_WEAK = YES;
				CLANG_WARN_BLOCK_CAPTURE_AUTORELEASING = YES;
				CLANG_WARN_BOOL_CONVERSION = YES;
				CLANG_WARN_COMMA = YES;
				CLANG_WARN_CONSTANT_CONVERSION = YES;
				CLANG_WARN_DEPRECATED_OBJC_IMPLEMENTATIONS = YES;
				CLANG_WARN_DIRECT_OBJC_ISA_USAGE = YES_ERROR;
				CLANG_WARN_DOCUMENTATION_COMMENTS = YES;
				CLANG_WARN_EMPTY_BODY = YES;
				CLANG_WARN_ENUM_CONVERSION = YES;
				CLANG_WARN_INFINITE_RECURSION = YES;
				CLANG_WARN_INT_CONVERSION = YES;
				CLANG_WARN_NON_LITERAL_NULL_CONVERSION = YES;
				CLANG_WARN_OBJC_IMPLICIT_RETAIN_SELF = YES;
				CLANG_WARN_OBJC_LITERAL_CONVERSION = YES;
				CLANG_WARN_OBJC_ROOT_CLASS = YES_ERROR;
				CLANG_WARN_QUOTED_INCLUDE_IN_FRAMEWORK_HEADER = YES;
				CLANG_WARN_RANGE_LOOP_ANALYSIS = YES;
				CLANG_WARN_STRICT_PROTOTYPES = YES;
				CLANG_WARN_SUSPICIOUS_MOVE = YES;
				CLANG_WARN_UNGUARDED_AVAILABILITY = YES_AGGRESSIVE;
				CLANG_WARN_UNREACHABLE_CODE = YES;
				CLANG_WARN__DUPLICATE_METHOD_MATCH = YES;
				COPY_PHASE_STRIP = NO;
				DEBUG_INFORMATION_FORMAT = "dwarf-with-dsym";
				ENABLE_NS_ASSERTIONS = NO;
				ENABLE_STRICT_OBJC_MSGSEND = YES;
				GCC_C_LANGUAGE_STANDARD = gnu11;
				GCC_NO_COMMON_BLOCKS = YES;
				GCC_WARN_64_TO_32_BIT_CONVERSION = YES;
				GCC_WARN_ABOUT_RETURN_TYPE = YES_ERROR;
				GCC_WARN_UNDECLARED_SELECTOR = YES;
				GCC_WARN_UNINITIALIZED_AUTOS = YES_AGGRESSIVE;
				GCC_WARN_UNUSED_FUNCTION = YES;
				GCC_WARN_UNUSED_VARIABLE = YES;
				IPHONEOS_DEPLOYMENT_TARGET = 16.2;
				MTL_ENABLE_DEBUG_INFO = NO;
				MTL_FAST_MATH = YES;
				SDKROOT = iphoneos;
				SWIFT_COMPILATION_MODE = wholemodule;
				SWIFT_OPTIMIZATION_LEVEL = "-O";
				VALIDATE_PRODUCT = YES;
			};
			name = Release;
		};
		140AD49929C0BA9F004D24AF /* Debug */ = {
			isa = XCBuildConfiguration;
			buildSettings = {
				ASSETCATALOG_COMPILER_APPICON_NAME = AppIcon;
				ASSETCATALOG_COMPILER_GLOBAL_ACCENT_COLOR_NAME = AccentColor;
				CODE_SIGN_STYLE = Automatic;
				CURRENT_PROJECT_VERSION = 1;
				DEVELOPMENT_ASSET_PATHS = "\"MVVMMovies/Preview Content\"";
				ENABLE_PREVIEWS = YES;
				GENERATE_INFOPLIST_FILE = YES;
				INFOPLIST_KEY_UIApplicationSceneManifest_Generation = YES;
				INFOPLIST_KEY_UIApplicationSupportsIndirectInputEvents = YES;
				INFOPLIST_KEY_UILaunchScreen_Generation = YES;
				INFOPLIST_KEY_UISupportedInterfaceOrientations_iPad = "UIInterfaceOrientationPortrait UIInterfaceOrientationPortraitUpsideDown UIInterfaceOrientationLandscapeLeft UIInterfaceOrientationLandscapeRight";
				INFOPLIST_KEY_UISupportedInterfaceOrientations_iPhone = "UIInterfaceOrientationPortrait UIInterfaceOrientationLandscapeLeft UIInterfaceOrientationLandscapeRight";
				LD_RUNPATH_SEARCH_PATHS = (
					"$(inherited)",
					"@executable_path/Frameworks",
				);
				MARKETING_VERSION = 1.0;
				PRODUCT_BUNDLE_IDENTIFIER = "de.syntax-institut.MVVMMovies";
				PRODUCT_NAME = "$(TARGET_NAME)";
				SWIFT_EMIT_LOC_STRINGS = YES;
				SWIFT_VERSION = 5.0;
				TARGETED_DEVICE_FAMILY = "1,2";
			};
			name = Debug;
		};
		140AD49A29C0BA9F004D24AF /* Release */ = {
			isa = XCBuildConfiguration;
			buildSettings = {
				ASSETCATALOG_COMPILER_APPICON_NAME = AppIcon;
				ASSETCATALOG_COMPILER_GLOBAL_ACCENT_COLOR_NAME = AccentColor;
				CODE_SIGN_STYLE = Automatic;
				CURRENT_PROJECT_VERSION = 1;
				DEVELOPMENT_ASSET_PATHS = "\"MVVMMovies/Preview Content\"";
				ENABLE_PREVIEWS = YES;
				GENERATE_INFOPLIST_FILE = YES;
				INFOPLIST_KEY_UIApplicationSceneManifest_Generation = YES;
				INFOPLIST_KEY_UIApplicationSupportsIndirectInputEvents = YES;
				INFOPLIST_KEY_UILaunchScreen_Generation = YES;
				INFOPLIST_KEY_UISupportedInterfaceOrientations_iPad = "UIInterfaceOrientationPortrait UIInterfaceOrientationPortraitUpsideDown UIInterfaceOrientationLandscapeLeft UIInterfaceOrientationLandscapeRight";
				INFOPLIST_KEY_UISupportedInterfaceOrientations_iPhone = "UIInterfaceOrientationPortrait UIInterfaceOrientationLandscapeLeft UIInterfaceOrientationLandscapeRight";
				LD_RUNPATH_SEARCH_PATHS = (
					"$(inherited)",
					"@executable_path/Frameworks",
				);
				MARKETING_VERSION = 1.0;
				PRODUCT_BUNDLE_IDENTIFIER = "de.syntax-institut.MVVMMovies";
				PRODUCT_NAME = "$(TARGET_NAME)";
				SWIFT_EMIT_LOC_STRINGS = YES;
				SWIFT_VERSION = 5.0;
				TARGETED_DEVICE_FAMILY = "1,2";
			};
			name = Release;
		};
/* End XCBuildConfiguration section */

/* Begin XCConfigurationList section */
		140AD48529C0BA9E004D24AF /* Build configuration list for PBXProject "MVVMMovies" */ = {
			isa = XCConfigurationList;
			buildConfigurations = (
				140AD49629C0BA9F004D24AF /* Debug */,
				140AD49729C0BA9F004D24AF /* Release */,
			);
			defaultConfigurationIsVisible = 0;
			defaultConfigurationName = Release;
		};
		140AD49829C0BA9F004D24AF /* Build configuration list for PBXNativeTarget "MVVMMovies" */ = {
			isa = XCConfigurationList;
			buildConfigurations = (
				140AD49929C0BA9F004D24AF /* Debug */,
				140AD49A29C0BA9F004D24AF /* Release */,
			);
			defaultConfigurationIsVisible = 0;
			defaultConfigurationName = Release;
		};
/* End XCConfigurationList section */
	};
	rootObject = 140AD48229C0BA9E004D24AF /* Project object */;
}
